
Microsoft Visual Studio Solution File, Format Version 12.00
# Visual Studio Version 17
VisualStudioVersion = 17.0.32014.148
MinimumVisualStudioVersion = 10.0.40219.1
Project("{9A19103F-16F7-4668-BE54-9A1E7A4F7556}") = "SpiceDB.UI", "SpiceDB.UI\SpiceDB.UI.csproj", "{AF388E0A-6AB2-44D9-9FD9-BD54D3557CCD}"
EndProject
Project("{9A19103F-16F7-4668-BE54-9A1E7A4F7556}") = "SpiceDB.Core", "SpiceDB.Core\SpiceDB.Core.csproj", "{92BD8C76-7278-47EA-BE04-AC8BC725B8DD}"
EndProject
Global
	GlobalSection(SolutionConfigurationPlatforms) = preSolution
		Debug|Any CPU = Debug|Any CPU
		Release|Any CPU = Release|Any CPU
	EndGlobalSection
	GlobalSection(ProjectConfigurationPlatforms) = postSolution
		{AF388E0A-6AB2-44D9-9FD9-BD54D3557CCD}.Debug|Any CPU.ActiveCfg = Debug|Any CPU
		{AF388E0A-6AB2-44D9-9FD9-BD54D3557CCD}.Debug|Any CPU.Build.0 = Debug|Any CPU
		{AF388E0A-6AB2-44D9-9FD9-BD54D3557CCD}.Release|Any CPU.ActiveCfg = Release|Any CPU
		{AF388E0A-6AB2-44D9-9FD9-BD54D3557CCD}.Release|Any CPU.Build.0 = Release|Any CPU
		{92BD8C76-7278-47EA-BE04-AC8BC725B8DD}.Debug|Any CPU.ActiveCfg = Debug|Any CPU
		{92BD8C76-7278-47EA-BE04-AC8BC725B8DD}.Debug|Any CPU.Build.0 = Debug|Any CPU
		{92BD8C76-7278-47EA-BE04-AC8BC725B8DD}.Release|Any CPU.ActiveCfg = Release|Any CPU
		{92BD8C76-7278-47EA-BE04-AC8BC725B8DD}.Release|Any CPU.Build.0 = Release|Any CPU
	EndGlobalSection
	GlobalSection(SolutionProperties) = preSolution
		HideSolutionNode = FALSE
	EndGlobalSection
	GlobalSection(ExtensibilityGlobals) = postSolution
		SolutionGuid = {EFC59876-723B-4BD2-A301-4DEF5F211D27}
	EndGlobalSection
EndGlobal
